
Microsoft Visual Studio Solution File, Format Version 12.00
# Visual Studio Version 16
VisualStudioVersion = 16.0.29519.87
MinimumVisualStudioVersion = 10.0.40219.1
Project("{FAE04EC0-301F-11D3-BF4B-00C04F79EFBC}") = "Project3-PlaylistMusic", "Project3-PlaylistMusic\Project3-PlaylistMusic.csproj", "{318037D3-A62C-47A2-9AAC-269F1F41A493}"
EndProject
Global
	GlobalSection(SolutionConfigurationPlatforms) = preSolution
		Debug|Any CPU = Debug|Any CPU
		Release|Any CPU = Release|Any CPU
	EndGlobalSection
	GlobalSection(ProjectConfigurationPlatforms) = postSolution
		{318037D3-A62C-47A2-9AAC-269F1F41A493}.Debug|Any CPU.ActiveCfg = Debug|Any CPU
		{318037D3-A62C-47A2-9AAC-269F1F41A493}.Debug|Any CPU.Build.0 = Debug|Any CPU
		{318037D3-A62C-47A2-9AAC-269F1F41A493}.Release|Any CPU.ActiveCfg = Release|Any CPU
		{318037D3-A62C-47A2-9AAC-269F1F41A493}.Release|Any CPU.Build.0 = Release|Any CPU
	EndGlobalSection
	GlobalSection(SolutionProperties) = preSolution
		HideSolutionNode = FALSE
	EndGlobalSection
	GlobalSection(ExtensibilityGlobals) = postSolution
		SolutionGuid = {026C6A7C-22E2-4C2B-8A3B-621141E00937}
	EndGlobalSection
EndGlobal
